// !$*UTF8*$!
{
	archiveVersion = 1;
	classes = {
	};
	objectVersion = 46;
	objects = {

/* Begin PBXBuildFile section */
		DC57FD231C00849900E35595 /* main.m in Sources */ = {isa = PBXBuildFile; fileRef = DC57FD221C00849900E35595 /* main.m */; };
		DC57FD261C00849900E35595 /* AppDelegate.m in Sources */ = {isa = PBXBuildFile; fileRef = DC57FD251C00849900E35595 /* AppDelegate.m */; };
		DC57FD2C1C00849900E35595 /* Main.storyboard in Resources */ = {isa = PBXBuildFile; fileRef = DC57FD2A1C00849900E35595 /* Main.storyboard */; };
		DC57FD2E1C00849900E35595 /* Assets.xcassets in Resources */ = {isa = PBXBuildFile; fileRef = DC57FD2D1C00849900E35595 /* Assets.xcassets */; };
		DC57FD311C00849900E35595 /* LaunchScreen.storyboard in Resources */ = {isa = PBXBuildFile; fileRef = DC57FD2F1C00849900E35595 /* LaunchScreen.storyboard */; };
		DC57FD4D1C00868C00E35595 /* ViewController.m in Sources */ = {isa = PBXBuildFile; fileRef = DC57FD4C1C00868C00E35595 /* ViewController.m */; };
		DC57FD5E1C00915900E35595 /* Photos.framework in Frameworks */ = {isa = PBXBuildFile; fileRef = DC57FD5D1C00915900E35595 /* Photos.framework */; };
		DC8E029B1CCBCEBE000308C6 /* CameraAndPhotos-README.txt in Resources */ = {isa = PBXBuildFile; fileRef = DC8E028B1CCBCEBE000308C6 /* CameraAndPhotos-README.txt */; };
		DC8E029C1CCBCEBE000308C6 /* HSCameraViewController.m in Sources */ = {isa = PBXBuildFile; fileRef = DC8E028D1CCBCEBE000308C6 /* HSCameraViewController.m */; };
		DC8E029D1CCBCEBE000308C6 /* HSGridViewCell.m in Sources */ = {isa = PBXBuildFile; fileRef = DC8E028F1CCBCEBE000308C6 /* HSGridViewCell.m */; };
		DC8E029E1CCBCEBE000308C6 /* HSImagePicking.storyboard in Resources */ = {isa = PBXBuildFile; fileRef = DC8E02911CCBCEBE000308C6 /* HSImagePicking.storyboard */; };
		DC8E029F1CCBCEBE000308C6 /* HSImagePicking.xcassets in Resources */ = {isa = PBXBuildFile; fileRef = DC8E02921CCBCEBE000308C6 /* HSImagePicking.xcassets */; };
		DC8E02A01CCBCEBE000308C6 /* HSImagePickingNavigationController.m in Sources */ = {isa = PBXBuildFile; fileRef = DC8E02941CCBCEBE000308C6 /* HSImagePickingNavigationController.m */; };
		DC8E02A11CCBCEBE000308C6 /* HSPhotoEditingViewController.m in Sources */ = {isa = PBXBuildFile; fileRef = DC8E02961CCBCEBE000308C6 /* HSPhotoEditingViewController.m */; };
		DC8E02A21CCBCEBE000308C6 /* HSPhotoSelectionViewController.m in Sources */ = {isa = PBXBuildFile; fileRef = DC8E02981CCBCEBE000308C6 /* HSPhotoSelectionViewController.m */; };
		DC8E02A31CCBCEBE000308C6 /* UIImage+CameraButton.m in Sources */ = {isa = PBXBuildFile; fileRef = DC8E029A1CCBCEBE000308C6 /* UIImage+CameraButton.m */; };
		E07DA544A884B4D92E27F9B6 /* libPods.a in Frameworks */ = {isa = PBXBuildFile; fileRef = 297DF4D322CAAEBB46D54611 /* libPods.a */; };
/* End PBXBuildFile section */

/* Begin PBXFileReference section */
		297DF4D322CAAEBB46D54611 /* libPods.a */ = {isa = PBXFileReference; explicitFileType = archive.ar; includeInIndex = 0; path = libPods.a; sourceTree = BUILT_PRODUCTS_DIR; };
		3C5CAC281FC057E929528212 /* Pods.release.xcconfig */ = {isa = PBXFileReference; includeInIndex = 1; lastKnownFileType = text.xcconfig; name = Pods.release.xcconfig; path = "Pods/Target Support Files/Pods/Pods.release.xcconfig"; sourceTree = "<group>"; };
		A862AC6EEF00638853E263FD /* Pods.debug.xcconfig */ = {isa = PBXFileReference; includeInIndex = 1; lastKnownFileType = text.xcconfig; name = Pods.debug.xcconfig; path = "Pods/Target Support Files/Pods/Pods.debug.xcconfig"; sourceTree = "<group>"; };
		DC57FD1E1C00849900E35595 /* PhotoChooser.app */ = {isa = PBXFileReference; explicitFileType = wrapper.application; includeInIndex = 0; path = PhotoChooser.app; sourceTree = BUILT_PRODUCTS_DIR; };
		DC57FD221C00849900E35595 /* main.m */ = {isa = PBXFileReference; lastKnownFileType = sourcecode.c.objc; path = main.m; sourceTree = "<group>"; };
		DC57FD241C00849900E35595 /* AppDelegate.h */ = {isa = PBXFileReference; lastKnownFileType = sourcecode.c.h; path = AppDelegate.h; sourceTree = "<group>"; };
		DC57FD251C00849900E35595 /* AppDelegate.m */ = {isa = PBXFileReference; lastKnownFileType = sourcecode.c.objc; path = AppDelegate.m; sourceTree = "<group>"; };
		DC57FD2B1C00849900E35595 /* Base */ = {isa = PBXFileReference; lastKnownFileType = file.storyboard; name = Base; path = Base.lproj/Main.storyboard; sourceTree = "<group>"; };
		DC57FD2D1C00849900E35595 /* Assets.xcassets */ = {isa = PBXFileReference; lastKnownFileType = folder.assetcatalog; path = Assets.xcassets; sourceTree = "<group>"; };
		DC57FD301C00849900E35595 /* Base */ = {isa = PBXFileReference; lastKnownFileType = file.storyboard; name = Base; path = Base.lproj/LaunchScreen.storyboard; sourceTree = "<group>"; };
		DC57FD321C00849900E35595 /* Info.plist */ = {isa = PBXFileReference; lastKnownFileType = text.plist.xml; path = Info.plist; sourceTree = "<group>"; };
		DC57FD3A1C00856A00E35595 /* Podfile */ = {isa = PBXFileReference; lastKnownFileType = text; path = Podfile; sourceTree = "<group>"; };
		DC57FD4B1C00868C00E35595 /* ViewController.h */ = {isa = PBXFileReference; fileEncoding = 4; lastKnownFileType = sourcecode.c.h; path = ViewController.h; sourceTree = "<group>"; };
		DC57FD4C1C00868C00E35595 /* ViewController.m */ = {isa = PBXFileReference; fileEncoding = 4; lastKnownFileType = sourcecode.c.objc; path = ViewController.m; sourceTree = "<group>"; };
		DC57FD5D1C00915900E35595 /* Photos.framework */ = {isa = PBXFileReference; lastKnownFileType = wrapper.framework; name = Photos.framework; path = System/Library/Frameworks/Photos.framework; sourceTree = SDKROOT; };
		DC57FD631C009AF800E35595 /* Todo.txt */ = {isa = PBXFileReference; lastKnownFileType = text; path = Todo.txt; sourceTree = "<group>"; };
		DC57FD641C009B7300E35595 /* README.md */ = {isa = PBXFileReference; lastKnownFileType = net.daringfireball.markdown; path = README.md; sourceTree = "<group>"; };
		DC8E028B1CCBCEBE000308C6 /* CameraAndPhotos-README.txt */ = {isa = PBXFileReference; fileEncoding = 4; lastKnownFileType = text; path = "CameraAndPhotos-README.txt"; sourceTree = "<group>"; };
		DC8E028C1CCBCEBE000308C6 /* HSCameraViewController.h */ = {isa = PBXFileReference; fileEncoding = 4; lastKnownFileType = sourcecode.c.h; path = HSCameraViewController.h; sourceTree = "<group>"; };
		DC8E028D1CCBCEBE000308C6 /* HSCameraViewController.m */ = {isa = PBXFileReference; fileEncoding = 4; lastKnownFileType = sourcecode.c.objc; path = HSCameraViewController.m; sourceTree = "<group>"; };
		DC8E028E1CCBCEBE000308C6 /* HSGridViewCell.h */ = {isa = PBXFileReference; fileEncoding = 4; lastKnownFileType = sourcecode.c.h; path = HSGridViewCell.h; sourceTree = "<group>"; };
		DC8E028F1CCBCEBE000308C6 /* HSGridViewCell.m */ = {isa = PBXFileReference; fileEncoding = 4; lastKnownFileType = sourcecode.c.objc; path = HSGridViewCell.m; sourceTree = "<group>"; };
		DC8E02901CCBCEBE000308C6 /* HSImagePicking.h */ = {isa = PBXFileReference; fileEncoding = 4; lastKnownFileType = sourcecode.c.h; path = HSImagePicking.h; sourceTree = "<group>"; };
		DC8E02911CCBCEBE000308C6 /* HSImagePicking.storyboard */ = {isa = PBXFileReference; fileEncoding = 4; lastKnownFileType = file.storyboard; path = HSImagePicking.storyboard; sourceTree = "<group>"; };
		DC8E02921CCBCEBE000308C6 /* HSImagePicking.xcassets */ = {isa = PBXFileReference; lastKnownFileType = folder.assetcatalog; path = HSImagePicking.xcassets; sourceTree = "<group>"; };
		DC8E02931CCBCEBE000308C6 /* HSImagePickingNavigationController.h */ = {isa = PBXFileReference; fileEncoding = 4; lastKnownFileType = sourcecode.c.h; path = HSImagePickingNavigationController.h; sourceTree = "<group>"; };
		DC8E02941CCBCEBE000308C6 /* HSImagePickingNavigationController.m */ = {isa = PBXFileReference; fileEncoding = 4; lastKnownFileType = sourcecode.c.objc; path = HSImagePickingNavigationController.m; sourceTree = "<group>"; };
		DC8E02951CCBCEBE000308C6 /* HSPhotoEditingViewController.h */ = {isa = PBXFileReference; fileEncoding = 4; lastKnownFileType = sourcecode.c.h; path = HSPhotoEditingViewController.h; sourceTree = "<group>"; };
		DC8E02961CCBCEBE000308C6 /* HSPhotoEditingViewController.m */ = {isa = PBXFileReference; fileEncoding = 4; lastKnownFileType = sourcecode.c.objc; path = HSPhotoEditingViewController.m; sourceTree = "<group>"; };
		DC8E02971CCBCEBE000308C6 /* HSPhotoSelectionViewController.h */ = {isa = PBXFileReference; fileEncoding = 4; lastKnownFileType = sourcecode.c.h; path = HSPhotoSelectionViewController.h; sourceTree = "<group>"; };
		DC8E02981CCBCEBE000308C6 /* HSPhotoSelectionViewController.m */ = {isa = PBXFileReference; fileEncoding = 4; lastKnownFileType = sourcecode.c.objc; path = HSPhotoSelectionViewController.m; sourceTree = "<group>"; };
		DC8E02991CCBCEBE000308C6 /* UIImage+CameraButton.h */ = {isa = PBXFileReference; fileEncoding = 4; lastKnownFileType = sourcecode.c.h; path = "UIImage+CameraButton.h"; sourceTree = "<group>"; };
		DC8E029A1CCBCEBE000308C6 /* UIImage+CameraButton.m */ = {isa = PBXFileReference; fileEncoding = 4; lastKnownFileType = sourcecode.c.objc; path = "UIImage+CameraButton.m"; sourceTree = "<group>"; };
/* End PBXFileReference section */

/* Begin PBXFrameworksBuildPhase section */
		DC57FD1B1C00849900E35595 /* Frameworks */ = {
			isa = PBXFrameworksBuildPhase;
			buildActionMask = 2147483647;
			files = (
				DC57FD5E1C00915900E35595 /* Photos.framework in Frameworks */,
				E07DA544A884B4D92E27F9B6 /* libPods.a in Frameworks */,
			);
			runOnlyForDeploymentPostprocessing = 0;
		};
/* End PBXFrameworksBuildPhase section */

/* Begin PBXGroup section */
		700C381B2A73525DE8688DBF /* Frameworks */ = {
			isa = PBXGroup;
			children = (
				DC57FD5D1C00915900E35595 /* Photos.framework */,
				297DF4D322CAAEBB46D54611 /* libPods.a */,
			);
			name = Frameworks;
			sourceTree = "<group>";
		};
		DC57FD151C00849900E35595 = {
			isa = PBXGroup;
			children = (
				DC57FD641C009B7300E35595 /* README.md */,
				DC57FD631C009AF800E35595 /* Todo.txt */,
				DC57FD3A1C00856A00E35595 /* Podfile */,
				DC57FD201C00849900E35595 /* PhotoChooser */,
				DC57FD1F1C00849900E35595 /* Products */,
				F1BB888B4367689F0164A441 /* Pods */,
				700C381B2A73525DE8688DBF /* Frameworks */,
			);
			sourceTree = "<group>";
		};
		DC57FD1F1C00849900E35595 /* Products */ = {
			isa = PBXGroup;
			children = (
				DC57FD1E1C00849900E35595 /* PhotoChooser.app */,
			);
			name = Products;
			sourceTree = "<group>";
		};
		DC57FD201C00849900E35595 /* PhotoChooser */ = {
			isa = PBXGroup;
			children = (
				DC57FD241C00849900E35595 /* AppDelegate.h */,
				DC57FD251C00849900E35595 /* AppDelegate.m */,
				DC57FD2A1C00849900E35595 /* Main.storyboard */,
				DC57FD2D1C00849900E35595 /* Assets.xcassets */,
				DC8E028A1CCBCEBE000308C6 /* HSPhotoChooser */,
				DC57FD4A1C00868C00E35595 /* Source */,
				DC57FD2F1C00849900E35595 /* LaunchScreen.storyboard */,
				DC57FD321C00849900E35595 /* Info.plist */,
				DC57FD211C00849900E35595 /* Supporting Files */,
			);
			path = PhotoChooser;
			sourceTree = "<group>";
		};
		DC57FD211C00849900E35595 /* Supporting Files */ = {
			isa = PBXGroup;
			children = (
				DC57FD221C00849900E35595 /* main.m */,
			);
			name = "Supporting Files";
			sourceTree = "<group>";
		};
		DC57FD4A1C00868C00E35595 /* Source */ = {
			isa = PBXGroup;
			children = (
				DC57FD4B1C00868C00E35595 /* ViewController.h */,
				DC57FD4C1C00868C00E35595 /* ViewController.m */,
			);
			path = Source;
			sourceTree = "<group>";
		};
		DC8E028A1CCBCEBE000308C6 /* HSPhotoChooser */ = {
			isa = PBXGroup;
			children = (
				DC8E028B1CCBCEBE000308C6 /* CameraAndPhotos-README.txt */,
				DC8E028C1CCBCEBE000308C6 /* HSCameraViewController.h */,
				DC8E028D1CCBCEBE000308C6 /* HSCameraViewController.m */,
				DC8E028E1CCBCEBE000308C6 /* HSGridViewCell.h */,
				DC8E028F1CCBCEBE000308C6 /* HSGridViewCell.m */,
				DC8E02901CCBCEBE000308C6 /* HSImagePicking.h */,
				DC8E02911CCBCEBE000308C6 /* HSImagePicking.storyboard */,
				DC8E02921CCBCEBE000308C6 /* HSImagePicking.xcassets */,
				DC8E02931CCBCEBE000308C6 /* HSImagePickingNavigationController.h */,
				DC8E02941CCBCEBE000308C6 /* HSImagePickingNavigationController.m */,
				DC8E02951CCBCEBE000308C6 /* HSPhotoEditingViewController.h */,
				DC8E02961CCBCEBE000308C6 /* HSPhotoEditingViewController.m */,
				DC8E02971CCBCEBE000308C6 /* HSPhotoSelectionViewController.h */,
				DC8E02981CCBCEBE000308C6 /* HSPhotoSelectionViewController.m */,
				DC8E02991CCBCEBE000308C6 /* UIImage+CameraButton.h */,
				DC8E029A1CCBCEBE000308C6 /* UIImage+CameraButton.m */,
			);
			path = HSPhotoChooser;
			sourceTree = "<group>";
		};
		F1BB888B4367689F0164A441 /* Pods */ = {
			isa = PBXGroup;
			children = (
				A862AC6EEF00638853E263FD /* Pods.debug.xcconfig */,
				3C5CAC281FC057E929528212 /* Pods.release.xcconfig */,
			);
			name = Pods;
			sourceTree = "<group>";
		};
/* End PBXGroup section */

/* Begin PBXNativeTarget section */
		DC57FD1D1C00849900E35595 /* PhotoChooser */ = {
			isa = PBXNativeTarget;
			buildConfigurationList = DC57FD351C00849900E35595 /* Build configuration list for PBXNativeTarget "PhotoChooser" */;
			buildPhases = (
				BA1A161C6D5DD3FE62B64843 /* Check Pods Manifest.lock */,
				DC57FD1A1C00849900E35595 /* Sources */,
				DC57FD1B1C00849900E35595 /* Frameworks */,
				DC57FD1C1C00849900E35595 /* Resources */,
				E1569109676C0FD8F7801B11 /* Embed Pods Frameworks */,
				891864EE79061692EDA9133D /* Copy Pods Resources */,
			);
			buildRules = (
			);
			dependencies = (
			);
			name = PhotoChooser;
			productName = PhotoChooser;
			productReference = DC57FD1E1C00849900E35595 /* PhotoChooser.app */;
			productType = "com.apple.product-type.application";
		};
/* End PBXNativeTarget section */

/* Begin PBXProject section */
		DC57FD161C00849900E35595 /* Project object */ = {
			isa = PBXProject;
			attributes = {
				LastUpgradeCheck = 0710;
				ORGANIZATIONNAME = "Software Barn";
				TargetAttributes = {
					DC57FD1D1C00849900E35595 = {
						CreatedOnToolsVersion = 7.1.1;
					};
				};
			};
			buildConfigurationList = DC57FD191C00849900E35595 /* Build configuration list for PBXProject "PhotoChooser" */;
			compatibilityVersion = "Xcode 3.2";
			developmentRegion = English;
			hasScannedForEncodings = 0;
			knownRegions = (
				en,
				Base,
			);
			mainGroup = DC57FD151C00849900E35595;
			productRefGroup = DC57FD1F1C00849900E35595 /* Products */;
			projectDirPath = "";
			projectRoot = "";
			targets = (
				DC57FD1D1C00849900E35595 /* PhotoChooser */,
			);
		};
/* End PBXProject section */

/* Begin PBXResourcesBuildPhase section */
		DC57FD1C1C00849900E35595 /* Resources */ = {
			isa = PBXResourcesBuildPhase;
			buildActionMask = 2147483647;
			files = (
				DC8E029B1CCBCEBE000308C6 /* CameraAndPhotos-README.txt in Resources */,
				DC57FD311C00849900E35595 /* LaunchScreen.storyboard in Resources */,
				DC8E029F1CCBCEBE000308C6 /* HSImagePicking.xcassets in Resources */,
				DC57FD2E1C00849900E35595 /* Assets.xcassets in Resources */,
				DC8E029E1CCBCEBE000308C6 /* HSImagePicking.storyboard in Resources */,
				DC57FD2C1C00849900E35595 /* Main.storyboard in Resources */,
			);
			runOnlyForDeploymentPostprocessing = 0;
		};
/* End PBXResourcesBuildPhase section */

/* Begin PBXShellScriptBuildPhase section */
		891864EE79061692EDA9133D /* Copy Pods Resources */ = {
			isa = PBXShellScriptBuildPhase;
			buildActionMask = 2147483647;
			files = (
			);
			inputPaths = (
			);
			name = "Copy Pods Resources";
			outputPaths = (
			);
			runOnlyForDeploymentPostprocessing = 0;
			shellPath = /bin/sh;
			shellScript = "\"${SRCROOT}/Pods/Target Support Files/Pods/Pods-resources.sh\"\n";
			showEnvVarsInLog = 0;
		};
		BA1A161C6D5DD3FE62B64843 /* Check Pods Manifest.lock */ = {
			isa = PBXShellScriptBuildPhase;
			buildActionMask = 2147483647;
			files = (
			);
			inputPaths = (
			);
			name = "Check Pods Manifest.lock";
			outputPaths = (
			);
			runOnlyForDeploymentPostprocessing = 0;
			shellPath = /bin/sh;
			shellScript = "diff \"${PODS_ROOT}/../Podfile.lock\" \"${PODS_ROOT}/Manifest.lock\" > /dev/null\nif [[ $? != 0 ]] ; then\n    cat << EOM\nerror: The sandbox is not in sync with the Podfile.lock. Run 'pod install' or update your CocoaPods installation.\nEOM\n    exit 1\nfi\n";
			showEnvVarsInLog = 0;
		};
		E1569109676C0FD8F7801B11 /* Embed Pods Frameworks */ = {
			isa = PBXShellScriptBuildPhase;
			buildActionMask = 2147483647;
			files = (
			);
			inputPaths = (
			);
			name = "Embed Pods Frameworks";
			outputPaths = (
			);
			runOnlyForDeploymentPostprocessing = 0;
			shellPath = /bin/sh;
			shellScript = "\"${SRCROOT}/Pods/Target Support Files/Pods/Pods-frameworks.sh\"\n";
			showEnvVarsInLog = 0;
		};
/* End PBXShellScriptBuildPhase section */

/* Begin PBXSourcesBuildPhase section */
		DC57FD1A1C00849900E35595 /* Sources */ = {
			isa = PBXSourcesBuildPhase;
			buildActionMask = 2147483647;
			files = (
				DC8E02A11CCBCEBE000308C6 /* HSPhotoEditingViewController.m in Sources */,
				DC57FD4D1C00868C00E35595 /* ViewController.m in Sources */,
				DC8E02A21CCBCEBE000308C6 /* HSPhotoSelectionViewController.m in Sources */,
				DC8E029D1CCBCEBE000308C6 /* HSGridViewCell.m in Sources */,
				DC8E02A01CCBCEBE000308C6 /* HSImagePickingNavigationController.m in Sources */,
				DC8E02A31CCBCEBE000308C6 /* UIImage+CameraButton.m in Sources */,
				DC57FD261C00849900E35595 /* AppDelegate.m in Sources */,
				DC8E029C1CCBCEBE000308C6 /* HSCameraViewController.m in Sources */,
				DC57FD231C00849900E35595 /* main.m in Sources */,
			);
			runOnlyForDeploymentPostprocessing = 0;
		};
/* End PBXSourcesBuildPhase section */

/* Begin PBXVariantGroup section */
		DC57FD2A1C00849900E35595 /* Main.storyboard */ = {
			isa = PBXVariantGroup;
			children = (
				DC57FD2B1C00849900E35595 /* Base */,
			);
			name = Main.storyboard;
			sourceTree = "<group>";
		};
		DC57FD2F1C00849900E35595 /* LaunchScreen.storyboard */ = {
			isa = PBXVariantGroup;
			children = (
				DC57FD301C00849900E35595 /* Base */,
			);
			name = LaunchScreen.storyboard;
			sourceTree = "<group>";
		};
/* End PBXVariantGroup section */

/* Begin XCBuildConfiguration section */
		DC57FD331C00849900E35595 /* Debug */ = {
			isa = XCBuildConfiguration;
			buildSettings = {
				ALWAYS_SEARCH_USER_PATHS = NO;
				CLANG_CXX_LANGUAGE_STANDARD = "gnu++0x";
				CLANG_CXX_LIBRARY = "libc++";
				CLANG_ENABLE_MODULES = YES;
				CLANG_ENABLE_OBJC_ARC = YES;
				CLANG_WARN_BOOL_CONVERSION = YES;
				CLANG_WARN_CONSTANT_CONVERSION = YES;
				CLANG_WARN_DIRECT_OBJC_ISA_USAGE = YES_ERROR;
				CLANG_WARN_EMPTY_BODY = YES;
				CLANG_WARN_ENUM_CONVERSION = YES;
				CLANG_WARN_INT_CONVERSION = YES;
				CLANG_WARN_OBJC_ROOT_CLASS = YES_ERROR;
				CLANG_WARN_UNREACHABLE_CODE = YES;
				CLANG_WARN__DUPLICATE_METHOD_MATCH = YES;
				"CODE_SIGN_IDENTITY[sdk=iphoneos*]" = "iPhone Developer";
				COPY_PHASE_STRIP = NO;
				DEBUG_INFORMATION_FORMAT = dwarf;
				ENABLE_STRICT_OBJC_MSGSEND = YES;
				ENABLE_TESTABILITY = YES;
				GCC_C_LANGUAGE_STANDARD = gnu99;
				GCC_DYNAMIC_NO_PIC = NO;
				GCC_NO_COMMON_BLOCKS = YES;
				GCC_OPTIMIZATION_LEVEL = 0;
				GCC_PREPROCESSOR_DEFINITIONS = (
					"DEBUG=1",
					"$(inherited)",
				);
				GCC_WARN_64_TO_32_BIT_CONVERSION = YES;
				GCC_WARN_ABOUT_RETURN_TYPE = YES_ERROR;
				GCC_WARN_UNDECLARED_SELECTOR = YES;
				GCC_WARN_UNINITIALIZED_AUTOS = YES_AGGRESSIVE;
				GCC_WARN_UNUSED_FUNCTION = YES;
				GCC_WARN_UNUSED_VARIABLE = YES;
				IPHONEOS_DEPLOYMENT_TARGET = 9.1;
				MTL_ENABLE_DEBUG_INFO = YES;
				ONLY_ACTIVE_ARCH = YES;
				SDKROOT = iphoneos;
				TARGETED_DEVICE_FAMILY = "1,2";
			};
			name = Debug;
		};
		DC57FD341C00849900E35595 /* Release */ = {
			isa = XCBuildConfiguration;
			buildSettings = {
				ALWAYS_SEARCH_USER_PATHS = NO;
				CLANG_CXX_LANGUAGE_STANDARD = "gnu++0x";
				CLANG_CXX_LIBRARY = "libc++";
				CLANG_ENABLE_MODULES = YES;
				CLANG_ENABLE_OBJC_ARC = YES;
				CLANG_WARN_BOOL_CONVERSION = YES;
				CLANG_WARN_CONSTANT_CONVERSION = YES;
				CLANG_WARN_DIRECT_OBJC_ISA_USAGE = YES_ERROR;
				CLANG_WARN_EMPTY_BODY = YES;
				CLANG_WARN_ENUM_CONVERSION = YES;
				CLANG_WARN_INT_CONVERSION = YES;
				CLANG_WARN_OBJC_ROOT_CLASS = YES_ERROR;
				CLANG_WARN_UNREACHABLE_CODE = YES;
				CLANG_WARN__DUPLICATE_METHOD_MATCH = YES;
				"CODE_SIGN_IDENTITY[sdk=iphoneos*]" = "iPhone Developer";
				COPY_PHASE_STRIP = NO;
				DEBUG_INFORMATION_FORMAT = "dwarf-with-dsym";
				ENABLE_NS_ASSERTIONS = NO;
				ENABLE_STRICT_OBJC_MSGSEND = YES;
				GCC_C_LANGUAGE_STANDARD = gnu99;
				GCC_NO_COMMON_BLOCKS = YES;
				GCC_WARN_64_TO_32_BIT_CONVERSION = YES;
				GCC_WARN_ABOUT_RETURN_TYPE = YES_ERROR;
				GCC_WARN_UNDECLARED_SELECTOR = YES;
				GCC_WARN_UNINITIALIZED_AUTOS = YES_AGGRESSIVE;
				GCC_WARN_UNUSED_FUNCTION = YES;
				GCC_WARN_UNUSED_VARIABLE = YES;
				IPHONEOS_DEPLOYMENT_TARGET = 9.1;
				MTL_ENABLE_DEBUG_INFO = NO;
				SDKROOT = iphoneos;
				TARGETED_DEVICE_FAMILY = "1,2";
				VALIDATE_PRODUCT = YES;
			};
			name = Release;
		};
		DC57FD361C00849900E35595 /* Debug */ = {
			isa = XCBuildConfiguration;
			baseConfigurationReference = A862AC6EEF00638853E263FD /* Pods.debug.xcconfig */;
			buildSettings = {
				ASSETCATALOG_COMPILER_APPICON_NAME = AppIcon;
				INFOPLIST_FILE = PhotoChooser/Info.plist;
				LD_RUNPATH_SEARCH_PATHS = "$(inherited) @executable_path/Frameworks";
				PRODUCT_BUNDLE_IDENTIFIER = com.horseshoesoft.PhotoChooser;
				PRODUCT_NAME = "$(TARGET_NAME)";
			};
			name = Debug;
		};
		DC57FD371C00849900E35595 /* Release */ = {
			isa = XCBuildConfiguration;
			baseConfigurationReference = 3C5CAC281FC057E929528212 /* Pods.release.xcconfig */;
			buildSettings = {
				ASSETCATALOG_COMPILER_APPICON_NAME = AppIcon;
				INFOPLIST_FILE = PhotoChooser/Info.plist;
				LD_RUNPATH_SEARCH_PATHS = "$(inherited) @executable_path/Frameworks";
				PRODUCT_BUNDLE_IDENTIFIER = com.horseshoesoft.PhotoChooser;
				PRODUCT_NAME = "$(TARGET_NAME)";
			};
			name = Release;
		};
/* End XCBuildConfiguration section */

/* Begin XCConfigurationList section */
		DC57FD191C00849900E35595 /* Build configuration list for PBXProject "PhotoChooser" */ = {
			isa = XCConfigurationList;
			buildConfigurations = (
				DC57FD331C00849900E35595 /* Debug */,
				DC57FD341C00849900E35595 /* Release */,
			);
			defaultConfigurationIsVisible = 0;
			defaultConfigurationName = Release;
		};
		DC57FD351C00849900E35595 /* Build configuration list for PBXNativeTarget "PhotoChooser" */ = {
			isa = XCConfigurationList;
			buildConfigurations = (
				DC57FD361C00849900E35595 /* Debug */,
				DC57FD371C00849900E35595 /* Release */,
			);
			defaultConfigurationIsVisible = 0;
			defaultConfigurationName = Release;
		};
/* End XCConfigurationList section */
	};
	rootObject = DC57FD161C00849900E35595 /* Project object */;
}
